Microsoft Visual Studio Solution File, Format Version 12.00
# Visual Studio Version 17
VisualStudioVersion = 17.9.34902.65
MinimumVisualStudioVersion = 10.0.40219.1
Project("{9A19103F-16F7-4668-BE54-9A1E7A4F7556}") = "OpenAI", "src\OpenAI.csproj", "{28FF4005-4467-4E36-92E7-DEA27DEB1519}"
EndProject
Project("{9A19103F-16F7-4668-BE54-9A1E7A4F7556}") = "OpenAI.Examples", "examples\OpenAI.Examples.csproj", "{1F1CD1D4-9932-4B73-99D8-C252A67D4B46}"
EndProject
Project("{9A19103F-16F7-4668-BE54-9A1E7A4F7556}") = "OpenAI.Tests", "tests\OpenAI.Tests.csproj", "{6F156401-2544-41D7-B204-3148C51C1D09}"
EndProject
Global
	GlobalSection(SolutionConfigurationPlatforms) = preSolution
		Debug|Any CPU = Debug|Any CPU
		Release|Any CPU = Release|Any CPU
	EndGlobalSection
	GlobalSection(ProjectConfigurationPlatforms) = postSolution
		{28FF4005-4467-4E36-92E7-DEA27DEB1519}.Debug|Any CPU.ActiveCfg = Debug|Any CPU
		{28FF4005-4467-4E36-92E7-DEA27DEB1519}.Debug|Any CPU.Build.0 = Debug|Any CPU
		{28FF4005-4467-4E36-92E7-DEA27DEB1519}.Release|Any CPU.ActiveCfg = Release|Any CPU
		{28FF4005-4467-4E36-92E7-DEA27DEB1519}.Release|Any CPU.Build.0 = Release|Any CPU
		{1F1CD1D4-9932-4B73-99D8-C252A67D4B46}.Debug|Any CPU.ActiveCfg = Debug|Any CPU
		{1F1CD1D4-9932-4B73-99D8-C252A67D4B46}.Debug|Any CPU.Build.0 = Debug|Any CPU
		{1F1CD1D4-9932-4B73-99D8-C252A67D4B46}.Release|Any CPU.ActiveCfg = Release|Any CPU
		{1F1CD1D4-9932-4B73-99D8-C252A67D4B46}.Release|Any CPU.Build.0 = Release|Any CPU
		{6F156401-2544-41D7-B204-3148C51C1D09}.Debug|Any CPU.ActiveCfg = Debug|Any CPU
		{6F156401-2544-41D7-B204-3148C51C1D09}.Debug|Any CPU.Build.0 = Debug|Any CPU
		{6F156401-2544-41D7-B204-3148C51C1D09}.Release|Any CPU.ActiveCfg = Release|Any CPU
		{6F156401-2544-41D7-B204-3148C51C1D09}.Release|Any CPU.Build.0 = Release|Any CPU
	EndGlobalSection
	GlobalSection(SolutionProperties) = preSolution
		HideSolutionNode = FALSE
	EndGlobalSection
	GlobalSection(ExtensibilityGlobals) = postSolution
		SolutionGuid = {A97F4B90-2591-4689-B1F8-5F21FE6D6CAE}
	EndGlobalSection
EndGlobal
